
Microsoft Visual Studio Solution File, Format Version 12.00
# Visual Studio Version 17
VisualStudioVersion = 17.3.32922.545
MinimumVisualStudioVersion = 10.0.40219.1
Project("{9A19103F-16F7-4668-BE54-9A1E7A4F7556}") = "dotnet-eval", "dotnet-eval.csproj", "{97F15661-59F4-4C21-B0E2-0E7F9E784C14}"
EndProject
Global
	GlobalSection(SolutionConfigurationPlatforms) = preSolution
		Debug|Any CPU = Debug|Any CPU
		Release|Any CPU = Release|Any CPU
	EndGlobalSection
	GlobalSection(ProjectConfigurationPlatforms) = postSolution
		{97F15661-59F4-4C21-B0E2-0E7F9E784C14}.Debug|Any CPU.ActiveCfg = Debug|Any CPU
		{97F15661-59F4-4C21-B0E2-0E7F9E784C14}.Debug|Any CPU.Build.0 = Debug|Any CPU
		{97F15661-59F4-4C21-B0E2-0E7F9E784C14}.Release|Any CPU.ActiveCfg = Release|Any CPU
		{97F15661-59F4-4C21-B0E2-0E7F9E784C14}.Release|Any CPU.Build.0 = Release|Any CPU
	EndGlobalSection
	GlobalSection(SolutionProperties) = preSolution
		HideSolutionNode = FALSE
	EndGlobalSection
	GlobalSection(ExtensibilityGlobals) = postSolution
		SolutionGuid = {13E8CA53-555F-480A-9028-C79E0EF31102}
	EndGlobalSection
EndGlobal
